
Microsoft Visual Studio Solution File, Format Version 12.00
# Visual Studio Version 17
VisualStudioVersion = 17.5.002.0
MinimumVisualStudioVersion = 10.0.40219.1
Project("{2150E333-8FDC-42A3-9474-1A3956D46DE8}") = "Lab Tasks", "Lab Tasks", "{565BDDE5-DE8A-4639-97A1-732F87C79467}"
EndProject
Project("{2150E333-8FDC-42A3-9474-1A3956D46DE8}") = "Lab 4", "Lab 4", "{510D6089-3F64-4162-A461-7DA2C8EA0D92}"
EndProject
Project("{9A19103F-16F7-4668-BE54-9A1E7A4F7556}") = "VisualProgramming", "Lab Tasks\Lab 4\Task 1\VisualProgramming.csproj", "{6FA3A060-C193-4336-BB86-FEFDA999C79B}"
EndProject
Project("{9A19103F-16F7-4668-BE54-9A1E7A4F7556}") = "Task 2", "Lab Tasks\Lab 4\Task 2\Task 2.csproj", "{B633C43F-ED49-45B3-B518-75DAD794CE8F}"
EndProject
Project("{2150E333-8FDC-42A3-9474-1A3956D46DE8}") = "Lab 5", "Lab 5", "{5A285C39-258E-487F-8690-D9225A581D96}"
EndProject
Project("{9A19103F-16F7-4668-BE54-9A1E7A4F7556}") = "Practise", "Lab Tasks\Lab 5\Practise\Practise.csproj", "{6299B739-1985-4FCC-B751-C98BAF8925DD}"
EndProject
Project("{9A19103F-16F7-4668-BE54-9A1E7A4F7556}") = "Task 1", "Lab Tasks\Lab 5\Task 1\Task 1.csproj", "{50031BDE-FAC4-48A7-B519-E97043C66131}"
EndProject
Project("{9A19103F-16F7-4668-BE54-9A1E7A4F7556}") = "Task", "Lab Tasks\Lab 5\Task 2\Task.csproj", "{AFAD24C0-FC2F-4281-B11A-CFAAAFFAE7DA}"
EndProject
Project("{2150E333-8FDC-42A3-9474-1A3956D46DE8}") = "Projects", "Projects", "{DC68D41C-A6D6-41BD-BDAD-B32CEAEA6A31}"
EndProject
Project("{2150E333-8FDC-42A3-9474-1A3956D46DE8}") = "Design 1", "Design 1", "{7531177F-7385-467B-8C6D-367F9FD8E53B}"
EndProject
Project("{9A19103F-16F7-4668-BE54-9A1E7A4F7556}") = "ShoppingCart", "Projects\Design 1\ShoppingCart\ShoppingCart.csproj", "{84CD7B77-35A7-4EDF-AF1B-D44EEBD7AB24}"
EndProject
Global
	GlobalSection(SolutionConfigurationPlatforms) = preSolution
		Debug|Any CPU = Debug|Any CPU
		Release|Any CPU = Release|Any CPU
	EndGlobalSection
	GlobalSection(ProjectConfigurationPlatforms) = postSolution
		{6FA3A060-C193-4336-BB86-FEFDA999C79B}.Debug|Any CPU.ActiveCfg = Debug|Any CPU
		{6FA3A060-C193-4336-BB86-FEFDA999C79B}.Debug|Any CPU.Build.0 = Debug|Any CPU
		{6FA3A060-C193-4336-BB86-FEFDA999C79B}.Release|Any CPU.ActiveCfg = Release|Any CPU
		{6FA3A060-C193-4336-BB86-FEFDA999C79B}.Release|Any CPU.Build.0 = Release|Any CPU
		{B633C43F-ED49-45B3-B518-75DAD794CE8F}.Debug|Any CPU.ActiveCfg = Debug|Any CPU
		{B633C43F-ED49-45B3-B518-75DAD794CE8F}.Debug|Any CPU.Build.0 = Debug|Any CPU
		{B633C43F-ED49-45B3-B518-75DAD794CE8F}.Release|Any CPU.ActiveCfg = Release|Any CPU
		{B633C43F-ED49-45B3-B518-75DAD794CE8F}.Release|Any CPU.Build.0 = Release|Any CPU
		{6299B739-1985-4FCC-B751-C98BAF8925DD}.Debug|Any CPU.ActiveCfg = Debug|Any CPU
		{6299B739-1985-4FCC-B751-C98BAF8925DD}.Debug|Any CPU.Build.0 = Debug|Any CPU
		{6299B739-1985-4FCC-B751-C98BAF8925DD}.Release|Any CPU.ActiveCfg = Release|Any CPU
		{6299B739-1985-4FCC-B751-C98BAF8925DD}.Release|Any CPU.Build.0 = Release|Any CPU
		{50031BDE-FAC4-48A7-B519-E97043C66131}.Debug|Any CPU.ActiveCfg = Debug|Any CPU
		{50031BDE-FAC4-48A7-B519-E97043C66131}.Debug|Any CPU.Build.0 = Debug|Any CPU
		{50031BDE-FAC4-48A7-B519-E97043C66131}.Release|Any CPU.ActiveCfg = Release|Any CPU
		{50031BDE-FAC4-48A7-B519-E97043C66131}.Release|Any CPU.Build.0 = Release|Any CPU
		{AFAD24C0-FC2F-4281-B11A-CFAAAFFAE7DA}.Debug|Any CPU.ActiveCfg = Debug|Any CPU
		{AFAD24C0-FC2F-4281-B11A-CFAAAFFAE7DA}.Debug|Any CPU.Build.0 = Debug|Any CPU
		{AFAD24C0-FC2F-4281-B11A-CFAAAFFAE7DA}.Release|Any CPU.ActiveCfg = Release|Any CPU
		{AFAD24C0-FC2F-4281-B11A-CFAAAFFAE7DA}.Release|Any CPU.Build.0 = Release|Any CPU
		{84CD7B77-35A7-4EDF-AF1B-D44EEBD7AB24}.Debug|Any CPU.ActiveCfg = Debug|Any CPU
		{84CD7B77-35A7-4EDF-AF1B-D44EEBD7AB24}.Debug|Any CPU.Build.0 = Debug|Any CPU
		{84CD7B77-35A7-4EDF-AF1B-D44EEBD7AB24}.Release|Any CPU.ActiveCfg = Release|Any CPU
		{84CD7B77-35A7-4EDF-AF1B-D44EEBD7AB24}.Release|Any CPU.Build.0 = Release|Any CPU
	EndGlobalSection
	GlobalSection(SolutionProperties) = preSolution
		HideSolutionNode = FALSE
	EndGlobalSection
	GlobalSection(NestedProjects) = preSolution
		{510D6089-3F64-4162-A461-7DA2C8EA0D92} = {565BDDE5-DE8A-4639-97A1-732F87C79467}
		{6FA3A060-C193-4336-BB86-FEFDA999C79B} = {510D6089-3F64-4162-A461-7DA2C8EA0D92}
		{B633C43F-ED49-45B3-B518-75DAD794CE8F} = {510D6089-3F64-4162-A461-7DA2C8EA0D92}
		{5A285C39-258E-487F-8690-D9225A581D96} = {565BDDE5-DE8A-4639-97A1-732F87C79467}
		{6299B739-1985-4FCC-B751-C98BAF8925DD} = {5A285C39-258E-487F-8690-D9225A581D96}
		{50031BDE-FAC4-48A7-B519-E97043C66131} = {5A285C39-258E-487F-8690-D9225A581D96}
		{AFAD24C0-FC2F-4281-B11A-CFAAAFFAE7DA} = {5A285C39-258E-487F-8690-D9225A581D96}
		{7531177F-7385-467B-8C6D-367F9FD8E53B} = {DC68D41C-A6D6-41BD-BDAD-B32CEAEA6A31}
		{84CD7B77-35A7-4EDF-AF1B-D44EEBD7AB24} = {7531177F-7385-467B-8C6D-367F9FD8E53B}
	EndGlobalSection
	GlobalSection(ExtensibilityGlobals) = postSolution
		SolutionGuid = {96A09017-EF2A-43E1-9B8F-E5F2612137A8}
	EndGlobalSection
EndGlobal
